
Microsoft Visual Studio Solution File, Format Version 12.00
# Visual Studio 15
VisualStudioVersion = 15.0.28010.2026
MinimumVisualStudioVersion = 10.0.40219.1
Project("{8BC9CEB8-8B4A-11D0-8D11-00A0C91BC942}") = "archives-algorithm", "archives-algorithm\archives-algorithm.vcxproj", "{367A10AA-CED9-4A7D-B2BE-D8CF59FF6DB0}"
EndProject
Project("{8BC9CEB8-8B4A-11D0-8D11-00A0C91BC942}") = "AlgorithmLearning", "AlgorithmLearning\AlgorithmLearning.vcxproj", "{818CA3F6-3956-4645-9407-2576764C2282}"
EndProject
Project("{8BC9CEB8-8B4A-11D0-8D11-00A0C91BC942}") = "AlgorithmOj", "AlgorithmOj\AlgorithmOj.vcxproj", "{8785346A-ACC8-4F6A-9DC9-9438B7297ACF}"
EndProject
Project("{8BC9CEB8-8B4A-11D0-8D11-00A0C91BC942}") = "DSAUtilityExtension", "DSAUtilityExtension\DSAUtilityExtension.vcxproj", "{503A4BB9-0AD1-4CC9-B807-619BEB5D0251}"
EndProject
Project("{8BC9CEB8-8B4A-11D0-8D11-00A0C91BC942}") = "DotNetDllTest", "DotNetDllTest\DotNetDllTest.vcxproj", "{ED399AF9-6051-4825-BC67-EBC339E8E1CC}"
EndProject
Global
	GlobalSection(SolutionConfigurationPlatforms) = preSolution
		Debug|x64 = Debug|x64
		Debug|x86 = Debug|x86
		Release|x64 = Release|x64
		Release|x86 = Release|x86
	EndGlobalSection
	GlobalSection(ProjectConfigurationPlatforms) = postSolution
		{367A10AA-CED9-4A7D-B2BE-D8CF59FF6DB0}.Debug|x64.ActiveCfg = Debug|x64
		{367A10AA-CED9-4A7D-B2BE-D8CF59FF6DB0}.Debug|x64.Build.0 = Debug|x64
		{367A10AA-CED9-4A7D-B2BE-D8CF59FF6DB0}.Debug|x86.ActiveCfg = Debug|Win32
		{367A10AA-CED9-4A7D-B2BE-D8CF59FF6DB0}.Debug|x86.Build.0 = Debug|Win32
		{367A10AA-CED9-4A7D-B2BE-D8CF59FF6DB0}.Release|x64.ActiveCfg = Release|x64
		{367A10AA-CED9-4A7D-B2BE-D8CF59FF6DB0}.Release|x64.Build.0 = Release|x64
		{367A10AA-CED9-4A7D-B2BE-D8CF59FF6DB0}.Release|x86.ActiveCfg = Release|Win32
		{367A10AA-CED9-4A7D-B2BE-D8CF59FF6DB0}.Release|x86.Build.0 = Release|Win32
		{818CA3F6-3956-4645-9407-2576764C2282}.Debug|x64.ActiveCfg = Debug|Win32
		{818CA3F6-3956-4645-9407-2576764C2282}.Debug|x86.ActiveCfg = Debug|Win32
		{818CA3F6-3956-4645-9407-2576764C2282}.Debug|x86.Build.0 = Debug|Win32
		{818CA3F6-3956-4645-9407-2576764C2282}.Release|x64.ActiveCfg = Release|Win32
		{818CA3F6-3956-4645-9407-2576764C2282}.Release|x86.ActiveCfg = Release|Win32
		{818CA3F6-3956-4645-9407-2576764C2282}.Release|x86.Build.0 = Release|Win32
		{8785346A-ACC8-4F6A-9DC9-9438B7297ACF}.Debug|x64.ActiveCfg = Debug|x64
		{8785346A-ACC8-4F6A-9DC9-9438B7297ACF}.Debug|x64.Build.0 = Debug|x64
		{8785346A-ACC8-4F6A-9DC9-9438B7297ACF}.Debug|x86.ActiveCfg = Debug|Win32
		{8785346A-ACC8-4F6A-9DC9-9438B7297ACF}.Debug|x86.Build.0 = Debug|Win32
		{8785346A-ACC8-4F6A-9DC9-9438B7297ACF}.Release|x64.ActiveCfg = Release|x64
		{8785346A-ACC8-4F6A-9DC9-9438B7297ACF}.Release|x64.Build.0 = Release|x64
		{8785346A-ACC8-4F6A-9DC9-9438B7297ACF}.Release|x86.ActiveCfg = Release|Win32
		{8785346A-ACC8-4F6A-9DC9-9438B7297ACF}.Release|x86.Build.0 = Release|Win32
		{503A4BB9-0AD1-4CC9-B807-619BEB5D0251}.Debug|x64.ActiveCfg = Debug|x64
		{503A4BB9-0AD1-4CC9-B807-619BEB5D0251}.Debug|x64.Build.0 = Debug|x64
		{503A4BB9-0AD1-4CC9-B807-619BEB5D0251}.Debug|x86.ActiveCfg = Debug|Win32
		{503A4BB9-0AD1-4CC9-B807-619BEB5D0251}.Debug|x86.Build.0 = Debug|Win32
		{503A4BB9-0AD1-4CC9-B807-619BEB5D0251}.Release|x64.ActiveCfg = Release|x64
		{503A4BB9-0AD1-4CC9-B807-619BEB5D0251}.Release|x64.Build.0 = Release|x64
		{503A4BB9-0AD1-4CC9-B807-619BEB5D0251}.Release|x86.ActiveCfg = Release|Win32
		{503A4BB9-0AD1-4CC9-B807-619BEB5D0251}.Release|x86.Build.0 = Release|Win32
		{ED399AF9-6051-4825-BC67-EBC339E8E1CC}.Debug|x64.ActiveCfg = Debug|x64
		{ED399AF9-6051-4825-BC67-EBC339E8E1CC}.Debug|x64.Build.0 = Debug|x64
		{ED399AF9-6051-4825-BC67-EBC339E8E1CC}.Debug|x86.ActiveCfg = Debug|Win32
		{ED399AF9-6051-4825-BC67-EBC339E8E1CC}.Debug|x86.Build.0 = Debug|Win32
		{ED399AF9-6051-4825-BC67-EBC339E8E1CC}.Release|x64.ActiveCfg = Release|x64
		{ED399AF9-6051-4825-BC67-EBC339E8E1CC}.Release|x64.Build.0 = Release|x64
		{ED399AF9-6051-4825-BC67-EBC339E8E1CC}.Release|x86.ActiveCfg = Release|Win32
		{ED399AF9-6051-4825-BC67-EBC339E8E1CC}.Release|x86.Build.0 = Release|Win32
	EndGlobalSection
	GlobalSection(SolutionProperties) = preSolution
		HideSolutionNode = FALSE
	EndGlobalSection
	GlobalSection(ExtensibilityGlobals) = postSolution
		SolutionGuid = {C42AE46F-DC56-40CF-A0A4-29A418F85044}
	EndGlobalSection
EndGlobal
