<?xml version="1.0" encoding="utf-8"?>
<Project ToolsVersion="4.0" xmlns="http://schemas.microsoft.com/developer/msbuild/2003">
  <ItemGroup>
    <Filter Include="源文件">
      <UniqueIdentifier>{4FC737F1-C7A5-4376-A066-2A32D752A2FF}</UniqueIdentifier>
      <Extensions>cpp;c;cc;cxx;def;odl;idl;hpj;bat;asm;asmx</Extensions>
    </Filter>
    <Filter Include="头文件">
      <UniqueIdentifier>{93995380-89BD-4b04-88EB-625FBE52EBFB}</UniqueIdentifier>
      <Extensions>h;hh;hpp;hxx;hm;inl;inc;xsd</Extensions>
    </Filter>
    <Filter Include="资源文件">
      <UniqueIdentifier>{67DA6AB6-F800-4c08-8B7A-83BB121AAD01}</UniqueIdentifier>
      <Extensions>rc;ico;cur;bmp;dlg;rc2;rct;bin;rgs;gif;jpg;jpeg;jpe;resx;tiff;tif;png;wav;mfcribbon-ms</Extensions>
    </Filter>
    <Filter Include="源文件\memory">
      <UniqueIdentifier>{e3e0e781-c575-4ca1-ac23-4af842ef7035}</UniqueIdentifier>
    </Filter>
    <Filter Include="源文件\oj">
      <UniqueIdentifier>{62ad5fa4-11bb-408b-befb-1b3a4d27be19}</UniqueIdentifier>
    </Filter>
    <Filter Include="源文件\HomeWork">
      <UniqueIdentifier>{64e7f7b6-aec3-47e6-9dd0-f1764371a2bf}</UniqueIdentifier>
    </Filter>
    <Filter Include="源文件\temp">
      <UniqueIdentifier>{872ca597-3a67-4277-9a5a-d91283638016}</UniqueIdentifier>
    </Filter>
    <Filter Include="源文件\app">
      <UniqueIdentifier>{78629eeb-3788-4edd-a597-b21eae14aec4}</UniqueIdentifier>
    </Filter>
  </ItemGroup>
  <ItemGroup>
    <ClCompile Include="src\AlgorithmTrainingLegacy.cpp">
      <Filter>源文件</Filter>
    </ClCompile>
    <ClCompile Include="src\practicer.cpp">
      <Filter>源文件</Filter>
    </ClCompile>
    <ClCompile Include="src\homework\op_practice_12_26.cpp">
      <Filter>源文件\HomeWork</Filter>
    </ClCompile>
    <ClCompile Include="src\agoj\agoj18_9_22.cpp">
      <Filter>源文件\oj</Filter>
    </ClCompile>
    <ClCompile Include="src\agoj\agoj18_10_10.cpp">
      <Filter>源文件\oj</Filter>
    </ClCompile>
    <ClCompile Include="src\agoj\agoj18_10_17.cpp">
      <Filter>源文件\oj</Filter>
    </ClCompile>
    <ClCompile Include="src\agoj\agoj18_10_24.cpp">
      <Filter>源文件\oj</Filter>
    </ClCompile>
    <ClCompile Include="src\agoj\agoj18_11_7.cpp">
      <Filter>源文件\oj</Filter>
    </ClCompile>
    <ClCompile Include="src\agoj\agoj18_11_7_result.cpp">
      <Filter>源文件\oj</Filter>
    </ClCompile>
    <ClCompile Include="src\agoj\agoj18_11_14.cpp">
      <Filter>源文件\oj</Filter>
    </ClCompile>
    <ClCompile Include="src\agoj\agoj18_11_21.cpp">
      <Filter>源文件\oj</Filter>
    </ClCompile>
    <ClCompile Include="src\agoj\agoj18_12_5.cpp">
      <Filter>源文件\oj</Filter>
    </ClCompile>
    <ClCompile Include="src\agoj\agoj18_11_28.cpp">
      <Filter>源文件\oj</Filter>
    </ClCompile>
    <ClCompile Include="src\agoj\agoj18_12_12.cpp">
      <Filter>源文件\oj</Filter>
    </ClCompile>
    <ClCompile Include="src\agoj\agoj18_12_19.cpp">
      <Filter>源文件\oj</Filter>
    </ClCompile>
    <ClCompile Include="src\agoj\agoj18_12_26.cpp">
      <Filter>源文件\oj</Filter>
    </ClCompile>
    <ClCompile Include="src\agoj\agoj19_1_2.cpp">
      <Filter>源文件\oj</Filter>
    </ClCompile>
    <ClCompile Include="src\homework\op_practice_12_12.cpp">
      <Filter>源文件\HomeWork</Filter>
    </ClCompile>
    <ClCompile Include="src\homework\cppHomeWork.cpp">
      <Filter>源文件\HomeWork</Filter>
    </ClCompile>
    <ClCompile Include="src\agoj\agoj18_10_31.cpp">
      <Filter>源文件\oj</Filter>
    </ClCompile>
    <ClCompile Include="src\app\ShortestPathSet.cpp">
      <Filter>源文件\app</Filter>
    </ClCompile>
    <ClCompile Include="src\temp\BacktraceSubject.cpp">
      <Filter>源文件\temp</Filter>
    </ClCompile>
    <ClCompile Include="src\temp\Sort.cpp">
      <Filter>源文件\temp</Filter>
    </ClCompile>
    <ClCompile Include="src\temp\背包算法_baidustar.cpp">
      <Filter>源文件\temp</Filter>
    </ClCompile>
    <ClCompile Include="src\temp\散列查找.cpp">
      <Filter>源文件\temp</Filter>
    </ClCompile>
    <ClCompile Include="src\temp\topologySort.cpp">
      <Filter>源文件\memory</Filter>
    </ClCompile>
    <ClCompile Include="src\temp\save007hdu1245.cpp">
      <Filter>源文件\memory</Filter>
    </ClCompile>
    <ClCompile Include="src\app\subnetting.cpp">
      <Filter>源文件\app</Filter>
    </ClCompile>
    <ClCompile Include="src\temp\ArrayLinearList.cpp">
      <Filter>源文件\temp</Filter>
    </ClCompile>
  </ItemGroup>
  <ItemGroup>
    <ClInclude Include="src\stdafx.h">
      <Filter>头文件</Filter>
    </ClInclude>
    <ClInclude Include="src\temp\ArrayLinearList.h">
      <Filter>源文件\temp</Filter>
    </ClInclude>
  </ItemGroup>
</Project>